
Microsoft Visual Studio Solution File, Format Version 12.00
# Visual Studio 15
VisualStudioVersion = 15.0.27004.2002
MinimumVisualStudioVersion = 10.0.40219.1
Project("{FAE04EC0-301F-11D3-BF4B-00C04F79EFBC}") = "ConfigManager", "ConfigManager\ConfigManager.csproj", "{9EB6B151-6D6C-49C8-82F6-4323C14C02F4}"
EndProject
Project("{FAE04EC0-301F-11D3-BF4B-00C04F79EFBC}") = "ConfigManagerTest", "ConfigManagerTest\ConfigManagerTest.csproj", "{5BD1F2C8-52D3-4FE7-AE08-BB6DE90A25BA}"
EndProject
Global
	GlobalSection(SolutionConfigurationPlatforms) = preSolution
		Debug|Any CPU = Debug|Any CPU
		Release|Any CPU = Release|Any CPU
	EndGlobalSection
	GlobalSection(ProjectConfigurationPlatforms) = postSolution
		{9EB6B151-6D6C-49C8-82F6-4323C14C02F4}.Debug|Any CPU.ActiveCfg = Debug|Any CPU
		{9EB6B151-6D6C-49C8-82F6-4323C14C02F4}.Debug|Any CPU.Build.0 = Debug|Any CPU
		{9EB6B151-6D6C-49C8-82F6-4323C14C02F4}.Release|Any CPU.ActiveCfg = Release|Any CPU
		{9EB6B151-6D6C-49C8-82F6-4323C14C02F4}.Release|Any CPU.Build.0 = Release|Any CPU
		{5BD1F2C8-52D3-4FE7-AE08-BB6DE90A25BA}.Debug|Any CPU.ActiveCfg = Debug|Any CPU
		{5BD1F2C8-52D3-4FE7-AE08-BB6DE90A25BA}.Debug|Any CPU.Build.0 = Debug|Any CPU
		{5BD1F2C8-52D3-4FE7-AE08-BB6DE90A25BA}.Release|Any CPU.ActiveCfg = Release|Any CPU
		{5BD1F2C8-52D3-4FE7-AE08-BB6DE90A25BA}.Release|Any CPU.Build.0 = Release|Any CPU
	EndGlobalSection
	GlobalSection(SolutionProperties) = preSolution
		HideSolutionNode = FALSE
	EndGlobalSection
	GlobalSection(ExtensibilityGlobals) = postSolution
		SolutionGuid = {9C89AC76-E3B9-4908-986F-17B3F1D32BDD}
	EndGlobalSection
EndGlobal
